
Microsoft Visual Studio Solution File, Format Version 12.00
# Visual Studio Version 17
VisualStudioVersion = 17.12.35527.113 d17.12
MinimumVisualStudioVersion = 10.0.40219.1
Project("{8BC9CEB8-8B4A-11D0-8D11-00A0C91BC942}") = "dll", "..\..\repos\c++\FintechModeler\dll\dll.vcxproj", "{E5F61804-6D3A-428D-88EB-6EC3CEE0F40D}"
EndProject
Project("{FAE04EC0-301F-11D3-BF4B-00C04F79EFBC}") = "backend", "..\..\repos\c++\FintechModeler\backend\backend.csproj", "{BB759B20-84F3-4A79-ACA8-8AE38C724A4A}"
EndProject
Global
	GlobalSection(SolutionConfigurationPlatforms) = preSolution
		Debug|Any CPU = Debug|Any CPU
		Debug|x64 = Debug|x64
		Debug|x86 = Debug|x86
		Release|Any CPU = Release|Any CPU
		Release|x64 = Release|x64
		Release|x86 = Release|x86
	EndGlobalSection
	GlobalSection(ProjectConfigurationPlatforms) = postSolution
		{E5F61804-6D3A-428D-88EB-6EC3CEE0F40D}.Debug|Any CPU.ActiveCfg = Debug|x64
		{E5F61804-6D3A-428D-88EB-6EC3CEE0F40D}.Debug|Any CPU.Build.0 = Debug|x64
		{E5F61804-6D3A-428D-88EB-6EC3CEE0F40D}.Debug|x64.ActiveCfg = Debug|x64
		{E5F61804-6D3A-428D-88EB-6EC3CEE0F40D}.Debug|x64.Build.0 = Debug|x64
		{E5F61804-6D3A-428D-88EB-6EC3CEE0F40D}.Debug|x86.ActiveCfg = Debug|Win32
		{E5F61804-6D3A-428D-88EB-6EC3CEE0F40D}.Debug|x86.Build.0 = Debug|Win32
		{E5F61804-6D3A-428D-88EB-6EC3CEE0F40D}.Release|Any CPU.ActiveCfg = Release|x64
		{E5F61804-6D3A-428D-88EB-6EC3CEE0F40D}.Release|Any CPU.Build.0 = Release|x64
		{E5F61804-6D3A-428D-88EB-6EC3CEE0F40D}.Release|x64.ActiveCfg = Release|x64
		{E5F61804-6D3A-428D-88EB-6EC3CEE0F40D}.Release|x64.Build.0 = Release|x64
		{E5F61804-6D3A-428D-88EB-6EC3CEE0F40D}.Release|x86.ActiveCfg = Release|Win32
		{E5F61804-6D3A-428D-88EB-6EC3CEE0F40D}.Release|x86.Build.0 = Release|Win32
		{BB759B20-84F3-4A79-ACA8-8AE38C724A4A}.Debug|Any CPU.ActiveCfg = Debug|Any CPU
		{BB759B20-84F3-4A79-ACA8-8AE38C724A4A}.Debug|Any CPU.Build.0 = Debug|Any CPU
		{BB759B20-84F3-4A79-ACA8-8AE38C724A4A}.Debug|x64.ActiveCfg = Debug|Any CPU
		{BB759B20-84F3-4A79-ACA8-8AE38C724A4A}.Debug|x64.Build.0 = Debug|Any CPU
		{BB759B20-84F3-4A79-ACA8-8AE38C724A4A}.Debug|x86.ActiveCfg = Debug|Any CPU
		{BB759B20-84F3-4A79-ACA8-8AE38C724A4A}.Debug|x86.Build.0 = Debug|Any CPU
		{BB759B20-84F3-4A79-ACA8-8AE38C724A4A}.Release|Any CPU.ActiveCfg = Release|Any CPU
		{BB759B20-84F3-4A79-ACA8-8AE38C724A4A}.Release|Any CPU.Build.0 = Release|Any CPU
		{BB759B20-84F3-4A79-ACA8-8AE38C724A4A}.Release|x64.ActiveCfg = Release|Any CPU
		{BB759B20-84F3-4A79-ACA8-8AE38C724A4A}.Release|x64.Build.0 = Release|Any CPU
		{BB759B20-84F3-4A79-ACA8-8AE38C724A4A}.Release|x86.ActiveCfg = Release|Any CPU
		{BB759B20-84F3-4A79-ACA8-8AE38C724A4A}.Release|x86.Build.0 = Release|Any CPU
	EndGlobalSection
	GlobalSection(SolutionProperties) = preSolution
		HideSolutionNode = FALSE
	EndGlobalSection
EndGlobal
