<?xml version="1.0" encoding="utf-8"?>
<Project ToolsVersion="4.0" xmlns="http://schemas.microsoft.com/developer/msbuild/2003">
  <ItemGroup>
    <ClCompile Include="common\fintech_library.cpp">
      <Filter>Source Files</Filter>
    </ClCompile>
    <ClCompile Include="common\math_utilities.cpp">
      <Filter>Source Files</Filter>
    </ClCompile>
    <ClCompile Include="common\operations.cpp">
      <Filter>Source Files</Filter>
    </ClCompile>
    <ClCompile Include="common\statistics_calculator.cpp">
      <Filter>Source Files</Filter>
    </ClCompile>
    <ClCompile Include="common\EuropeanOption\BinomialEuropeanCallOption.cpp">
      <Filter>Source Files\EuropeanOption</Filter>
    </ClCompile>
    <ClCompile Include="common\EuropeanOption\BinomialEuropeanOption.cpp">
      <Filter>Source Files\EuropeanOption</Filter>
    </ClCompile>
    <ClCompile Include="common\EuropeanOption\BinomialEuropeanPutOption.cpp">
      <Filter>Source Files\EuropeanOption</Filter>
    </ClCompile>
    <ClCompile Include="common\EuropeanOption\BSEuropeanOption.cpp">
      <Filter>Source Files\EuropeanOption</Filter>
    </ClCompile>
  </ItemGroup>
  <ItemGroup>
    <ClInclude Include="include\fintech_library.h">
      <Filter>Header Files</Filter>
    </ClInclude>
    <ClInclude Include="include\math_utilities.h">
      <Filter>Header Files</Filter>
    </ClInclude>
    <ClInclude Include="include\statistics_calculator.h">
      <Filter>Header Files</Filter>
    </ClInclude>
    <ClInclude Include="include\EuropeanOption\EuropeanOption.h">
      <Filter>Header Files\EuropeanOption</Filter>
    </ClInclude>
    <ClInclude Include="include\EuropeanOption\BSEuropeanOption.h">
      <Filter>Header Files\EuropeanOption</Filter>
    </ClInclude>
    <ClInclude Include="include\EuropeanOption\BinomialEuropeanOption.h">
      <Filter>Header Files\EuropeanOption</Filter>
    </ClInclude>
  </ItemGroup>
  <ItemGroup>
    <Filter Include="Header Files">
      <UniqueIdentifier>{c8785059-123b-4c80-abf3-26e85a3bf71c}</UniqueIdentifier>
    </Filter>
    <Filter Include="Source Files">
      <UniqueIdentifier>{06204051-fc9d-49a5-bc49-9cfca6d670aa}</UniqueIdentifier>
    </Filter>
    <Filter Include="Header Files\EuropeanOption">
      <UniqueIdentifier>{2572c0b3-8fc6-4ffd-98cb-aaec2fcebf99}</UniqueIdentifier>
    </Filter>
    <Filter Include="Source Files\EuropeanOption">
      <UniqueIdentifier>{ea4247f2-81c0-4398-9175-533de73a7bc0}</UniqueIdentifier>
    </Filter>
  </ItemGroup>
</Project>